
Microsoft Visual Studio Solution File, Format Version 12.00
# Visual Studio 15
Project("{FAE04EC0-301F-11D3-BF4B-00C04F79EFBC}") = "Assembly-CSharp", "Assembly-CSharp.csproj", "{1FCF455A-71F5-DD1F-F722-F582608C3865}"
EndProject
Project("{FAE04EC0-301F-11D3-BF4B-00C04F79EFBC}") = "Assembly-CSharp-firstpass", "Assembly-CSharp-firstpass.csproj", "{632F2F4C-6E51-9FC3-C301-052DF5BD6E25}"
EndProject
Project("{FAE04EC0-301F-11D3-BF4B-00C04F79EFBC}") = "Assembly-CSharp-Editor-firstpass", "Assembly-CSharp-Editor-firstpass.csproj", "{FA49424C-8474-1A7B-1802-17EF29217B75}"
EndProject
Project("{FAE04EC0-301F-11D3-BF4B-00C04F79EFBC}") = "Assembly-CSharp-Editor", "Assembly-CSharp-Editor.csproj", "{EDFAD7F7-36F0-3015-A3BC-90EEF33F3E59}"
EndProject
Global
	GlobalSection(SolutionConfigurationPlatforms) = preSolution
		Debug|Any CPU = Debug|Any CPU
		Release|Any CPU = Release|Any CPU
	EndGlobalSection
	GlobalSection(ProjectConfigurationPlatforms) = postSolution
		{1FCF455A-71F5-DD1F-F722-F582608C3865}.Debug|Any CPU.ActiveCfg = Debug|Any CPU
		{1FCF455A-71F5-DD1F-F722-F582608C3865}.Debug|Any CPU.Build.0 = Debug|Any CPU
		{1FCF455A-71F5-DD1F-F722-F582608C3865}.Release|Any CPU.ActiveCfg = Release|Any CPU
		{1FCF455A-71F5-DD1F-F722-F582608C3865}.Release|Any CPU.Build.0 = Release|Any CPU
		{632F2F4C-6E51-9FC3-C301-052DF5BD6E25}.Debug|Any CPU.ActiveCfg = Debug|Any CPU
		{632F2F4C-6E51-9FC3-C301-052DF5BD6E25}.Debug|Any CPU.Build.0 = Debug|Any CPU
		{632F2F4C-6E51-9FC3-C301-052DF5BD6E25}.Release|Any CPU.ActiveCfg = Release|Any CPU
		{632F2F4C-6E51-9FC3-C301-052DF5BD6E25}.Release|Any CPU.Build.0 = Release|Any CPU
		{FA49424C-8474-1A7B-1802-17EF29217B75}.Debug|Any CPU.ActiveCfg = Debug|Any CPU
		{FA49424C-8474-1A7B-1802-17EF29217B75}.Debug|Any CPU.Build.0 = Debug|Any CPU
		{FA49424C-8474-1A7B-1802-17EF29217B75}.Release|Any CPU.ActiveCfg = Release|Any CPU
		{FA49424C-8474-1A7B-1802-17EF29217B75}.Release|Any CPU.Build.0 = Release|Any CPU
		{EDFAD7F7-36F0-3015-A3BC-90EEF33F3E59}.Debug|Any CPU.ActiveCfg = Debug|Any CPU
		{EDFAD7F7-36F0-3015-A3BC-90EEF33F3E59}.Debug|Any CPU.Build.0 = Debug|Any CPU
		{EDFAD7F7-36F0-3015-A3BC-90EEF33F3E59}.Release|Any CPU.ActiveCfg = Release|Any CPU
		{EDFAD7F7-36F0-3015-A3BC-90EEF33F3E59}.Release|Any CPU.Build.0 = Release|Any CPU
	EndGlobalSection
	GlobalSection(SolutionProperties) = preSolution
		HideSolutionNode = FALSE
	EndGlobalSection
EndGlobal
