
Microsoft Visual Studio Solution File, Format Version 12.00
# Visual Studio Version 16
VisualStudioVersion = 16.0.30907.101
MinimumVisualStudioVersion = 10.0.40219.1
Project("{9A19103F-16F7-4668-BE54-9A1E7A4F7556}") = "Lesson6", "Lesson6\Lesson6.csproj", "{FCBD0891-D476-4A81-8263-25DCFBF2370C}"
EndProject
Project("{9A19103F-16F7-4668-BE54-9A1E7A4F7556}") = "Homework", "Homework\Homework.csproj", "{384C5CC9-76C4-4E7E-9F78-7977588C9EDA}"
EndProject
Project("{FAE04EC0-301F-11D3-BF4B-00C04F79EFBC}") = "Tasks", "Tasks\Tasks.csproj", "{4D0CC205-54BE-4911-AE84-091D0179BE3D}"
EndProject
Global
	GlobalSection(SolutionConfigurationPlatforms) = preSolution
		Debug|Any CPU = Debug|Any CPU
		Release|Any CPU = Release|Any CPU
	EndGlobalSection
	GlobalSection(ProjectConfigurationPlatforms) = postSolution
		{FCBD0891-D476-4A81-8263-25DCFBF2370C}.Debug|Any CPU.ActiveCfg = Debug|Any CPU
		{FCBD0891-D476-4A81-8263-25DCFBF2370C}.Debug|Any CPU.Build.0 = Debug|Any CPU
		{FCBD0891-D476-4A81-8263-25DCFBF2370C}.Release|Any CPU.ActiveCfg = Release|Any CPU
		{FCBD0891-D476-4A81-8263-25DCFBF2370C}.Release|Any CPU.Build.0 = Release|Any CPU
		{384C5CC9-76C4-4E7E-9F78-7977588C9EDA}.Debug|Any CPU.ActiveCfg = Debug|Any CPU
		{384C5CC9-76C4-4E7E-9F78-7977588C9EDA}.Debug|Any CPU.Build.0 = Debug|Any CPU
		{384C5CC9-76C4-4E7E-9F78-7977588C9EDA}.Release|Any CPU.ActiveCfg = Release|Any CPU
		{384C5CC9-76C4-4E7E-9F78-7977588C9EDA}.Release|Any CPU.Build.0 = Release|Any CPU
		{4D0CC205-54BE-4911-AE84-091D0179BE3D}.Debug|Any CPU.ActiveCfg = Debug|Any CPU
		{4D0CC205-54BE-4911-AE84-091D0179BE3D}.Debug|Any CPU.Build.0 = Debug|Any CPU
		{4D0CC205-54BE-4911-AE84-091D0179BE3D}.Release|Any CPU.ActiveCfg = Release|Any CPU
		{4D0CC205-54BE-4911-AE84-091D0179BE3D}.Release|Any CPU.Build.0 = Release|Any CPU
	EndGlobalSection
	GlobalSection(SolutionProperties) = preSolution
		HideSolutionNode = FALSE
	EndGlobalSection
	GlobalSection(ExtensibilityGlobals) = postSolution
		SolutionGuid = {7CC3DE28-3903-4F7F-8B08-DA44254A8A22}
	EndGlobalSection
EndGlobal
