
Microsoft Visual Studio Solution File, Format Version 12.00
# Visual Studio Version 16
VisualStudioVersion = 16.0.30907.101
MinimumVisualStudioVersion = 10.0.40219.1
Project("{FAE04EC0-301F-11D3-BF4B-00C04F79EFBC}") = "Lesson", "Lesson\Lesson.csproj", "{4488C7AD-E65F-439D-8CE8-7D4113CEB755}"
EndProject
Project("{FAE04EC0-301F-11D3-BF4B-00C04F79EFBC}") = "Practice", "Practice\Practice.csproj", "{A7071BBE-021F-4F02-9E95-C2E41C4543AA}"
EndProject
Project("{FAE04EC0-301F-11D3-BF4B-00C04F79EFBC}") = "Homework", "Homework\Homework.csproj", "{02E26680-E4C8-47C1-899D-2E6D963194CA}"
EndProject
Global
	GlobalSection(SolutionConfigurationPlatforms) = preSolution
		Debug|Any CPU = Debug|Any CPU
		Release|Any CPU = Release|Any CPU
	EndGlobalSection
	GlobalSection(ProjectConfigurationPlatforms) = postSolution
		{4488C7AD-E65F-439D-8CE8-7D4113CEB755}.Debug|Any CPU.ActiveCfg = Debug|Any CPU
		{4488C7AD-E65F-439D-8CE8-7D4113CEB755}.Debug|Any CPU.Build.0 = Debug|Any CPU
		{4488C7AD-E65F-439D-8CE8-7D4113CEB755}.Release|Any CPU.ActiveCfg = Release|Any CPU
		{4488C7AD-E65F-439D-8CE8-7D4113CEB755}.Release|Any CPU.Build.0 = Release|Any CPU
		{A7071BBE-021F-4F02-9E95-C2E41C4543AA}.Debug|Any CPU.ActiveCfg = Debug|Any CPU
		{A7071BBE-021F-4F02-9E95-C2E41C4543AA}.Debug|Any CPU.Build.0 = Debug|Any CPU
		{A7071BBE-021F-4F02-9E95-C2E41C4543AA}.Release|Any CPU.ActiveCfg = Release|Any CPU
		{A7071BBE-021F-4F02-9E95-C2E41C4543AA}.Release|Any CPU.Build.0 = Release|Any CPU
		{02E26680-E4C8-47C1-899D-2E6D963194CA}.Debug|Any CPU.ActiveCfg = Debug|Any CPU
		{02E26680-E4C8-47C1-899D-2E6D963194CA}.Debug|Any CPU.Build.0 = Debug|Any CPU
		{02E26680-E4C8-47C1-899D-2E6D963194CA}.Release|Any CPU.ActiveCfg = Release|Any CPU
		{02E26680-E4C8-47C1-899D-2E6D963194CA}.Release|Any CPU.Build.0 = Release|Any CPU
	EndGlobalSection
	GlobalSection(SolutionProperties) = preSolution
		HideSolutionNode = FALSE
	EndGlobalSection
	GlobalSection(ExtensibilityGlobals) = postSolution
		SolutionGuid = {2A444CFC-D6D3-48D0-8628-A08A70135C25}
	EndGlobalSection
EndGlobal
